
Microsoft Visual Studio Solution File, Format Version 12.00
# Visual Studio Version 17
VisualStudioVersion = 17.4.33103.184
MinimumVisualStudioVersion = 10.0.40219.1
Project("{FAE04EC0-301F-11D3-BF4B-00C04F79EFBC}") = "Production", "Production\Production.csproj", "{354652ED-8493-4053-8493-FEE616B48015}"
EndProject
Global
	GlobalSection(SolutionConfigurationPlatforms) = preSolution
		Debug|Any CPU = Debug|Any CPU
		Release|Any CPU = Release|Any CPU
	EndGlobalSection
	GlobalSection(ProjectConfigurationPlatforms) = postSolution
		{354652ED-8493-4053-8493-FEE616B48015}.Debug|Any CPU.ActiveCfg = Debug|Any CPU
		{354652ED-8493-4053-8493-FEE616B48015}.Debug|Any CPU.Build.0 = Debug|Any CPU
		{354652ED-8493-4053-8493-FEE616B48015}.Release|Any CPU.ActiveCfg = Release|Any CPU
		{354652ED-8493-4053-8493-FEE616B48015}.Release|Any CPU.Build.0 = Release|Any CPU
	EndGlobalSection
	GlobalSection(SolutionProperties) = preSolution
		HideSolutionNode = FALSE
	EndGlobalSection
	GlobalSection(ExtensibilityGlobals) = postSolution
		SolutionGuid = {A02006A4-4FB4-4699-B576-8B2AD914C634}
	EndGlobalSection
EndGlobal
